// !$*UTF8*$!
{
	archiveVersion = 1;
	classes = {
	};
	objectVersion = 55;
	objects = {

/* Begin PBXBuildFile section */
		AE48B22F2872BD5200109F84 /* CardFlipApp.swift in Sources */ = {isa = PBXBuildFile; fileRef = AE48B22E2872BD5200109F84 /* CardFlipApp.swift */; };
		AE48B2312872BD5200109F84 /* ContentView.swift in Sources */ = {isa = PBXBuildFile; fileRef = AE48B2302872BD5200109F84 /* ContentView.swift */; };
		AE48B2332872BD5300109F84 /* Assets.xcassets in Resources */ = {isa = PBXBuildFile; fileRef = AE48B2322872BD5300109F84 /* Assets.xcassets */; };
		AE48B2362872BD5300109F84 /* Preview Assets.xcassets in Resources */ = {isa = PBXBuildFile; fileRef = AE48B2352872BD5300109F84 /* Preview Assets.xcassets */; };
		AE48B2382872BD5300109F84 /* Persistence.swift in Sources */ = {isa = PBXBuildFile; fileRef = AE48B2372872BD5300109F84 /* Persistence.swift */; };
		AE48B23B2872BD5300109F84 /* CardFlip.xcdatamodeld in Sources */ = {isa = PBXBuildFile; fileRef = AE48B2392872BD5300109F84 /* CardFlip.xcdatamodeld */; };
		AE48B2452872BD5300109F84 /* CardFlipTests.swift in Sources */ = {isa = PBXBuildFile; fileRef = AE48B2442872BD5300109F84 /* CardFlipTests.swift */; };
		AE48B24F2872BD5300109F84 /* CardFlipUITests.swift in Sources */ = {isa = PBXBuildFile; fileRef = AE48B24E2872BD5300109F84 /* CardFlipUITests.swift */; };
		AE48B2512872BD5300109F84 /* CardFlipUITestsLaunchTests.swift in Sources */ = {isa = PBXBuildFile; fileRef = AE48B2502872BD5300109F84 /* CardFlipUITestsLaunchTests.swift */; };
/* End PBXBuildFile section */

/* Begin PBXContainerItemProxy section */
		AE48B2412872BD5300109F84 /* PBXContainerItemProxy */ = {
			isa = PBXContainerItemProxy;
			containerPortal = AE48B2232872BD5200109F84 /* Project object */;
			proxyType = 1;
			remoteGlobalIDString = AE48B22A2872BD5200109F84;
			remoteInfo = CardFlip;
		};
		AE48B24B2872BD5300109F84 /* PBXContainerItemProxy */ = {
			isa = PBXContainerItemProxy;
			containerPortal = AE48B2232872BD5200109F84 /* Project object */;
			proxyType = 1;
			remoteGlobalIDString = AE48B22A2872BD5200109F84;
			remoteInfo = CardFlip;
		};
/* End PBXContainerItemProxy section */

/* Begin PBXFileReference section */
		AE48B22B2872BD5200109F84 /* CardFlip.app */ = {isa = PBXFileReference; explicitFileType = wrapper.application; includeInIndex = 0; path = CardFlip.app; sourceTree = BUILT_PRODUCTS_DIR; };
		AE48B22E2872BD5200109F84 /* CardFlipApp.swift */ = {isa = PBXFileReference; lastKnownFileType = sourcecode.swift; path = CardFlipApp.swift; sourceTree = "<group>"; };
		AE48B2302872BD5200109F84 /* ContentView.swift */ = {isa = PBXFileReference; lastKnownFileType = sourcecode.swift; path = ContentView.swift; sourceTree = "<group>"; };
		AE48B2322872BD5300109F84 /* Assets.xcassets */ = {isa = PBXFileReference; lastKnownFileType = folder.assetcatalog; path = Assets.xcassets; sourceTree = "<group>"; };
		AE48B2352872BD5300109F84 /* Preview Assets.xcassets */ = {isa = PBXFileReference; lastKnownFileType = folder.assetcatalog; path = "Preview Assets.xcassets"; sourceTree = "<group>"; };
		AE48B2372872BD5300109F84 /* Persistence.swift */ = {isa = PBXFileReference; lastKnownFileType = sourcecode.swift; path = Persistence.swift; sourceTree = "<group>"; };
		AE48B23A2872BD5300109F84 /* CardFlip.xcdatamodel */ = {isa = PBXFileReference; lastKnownFileType = wrapper.xcdatamodel; path = CardFlip.xcdatamodel; sourceTree = "<group>"; };
		AE48B2402872BD5300109F84 /* CardFlipTests.xctest */ = {isa = PBXFileReference; explicitFileType = wrapper.cfbundle; includeInIndex = 0; path = CardFlipTests.xctest; sourceTree = BUILT_PRODUCTS_DIR; };
		AE48B2442872BD5300109F84 /* CardFlipTests.swift */ = {isa = PBXFileReference; lastKnownFileType = sourcecode.swift; path = CardFlipTests.swift; sourceTree = "<group>"; };
		AE48B24A2872BD5300109F84 /* CardFlipUITests.xctest */ = {isa = PBXFileReference; explicitFileType = wrapper.cfbundle; includeInIndex = 0; path = CardFlipUITests.xctest; sourceTree = BUILT_PRODUCTS_DIR; };
		AE48B24E2872BD5300109F84 /* CardFlipUITests.swift */ = {isa = PBXFileReference; lastKnownFileType = sourcecode.swift; path = CardFlipUITests.swift; sourceTree = "<group>"; };
		AE48B2502872BD5300109F84 /* CardFlipUITestsLaunchTests.swift */ = {isa = PBXFileReference; lastKnownFileType = sourcecode.swift; path = CardFlipUITestsLaunchTests.swift; sourceTree = "<group>"; };
/* End PBXFileReference section */

/* Begin PBXFrameworksBuildPhase section */
		AE48B2282872BD5200109F84 /* Frameworks */ = {
			isa = PBXFrameworksBuildPhase;
			buildActionMask = 2147483647;
			files = (
			);
			runOnlyForDeploymentPostprocessing = 0;
		};
		AE48B23D2872BD5300109F84 /* Frameworks */ = {
			isa = PBXFrameworksBuildPhase;
			buildActionMask = 2147483647;
			files = (
			);
			runOnlyForDeploymentPostprocessing = 0;
		};
		AE48B2472872BD5300109F84 /* Frameworks */ = {
			isa = PBXFrameworksBuildPhase;
			buildActionMask = 2147483647;
			files = (
			);
			runOnlyForDeploymentPostprocessing = 0;
		};
/* End PBXFrameworksBuildPhase section */

/* Begin PBXGroup section */
		AE48B2222872BD5200109F84 = {
			isa = PBXGroup;
			children = (
				AE48B22D2872BD5200109F84 /* CardFlip */,
				AE48B2432872BD5300109F84 /* CardFlipTests */,
				AE48B24D2872BD5300109F84 /* CardFlipUITests */,
				AE48B22C2872BD5200109F84 /* Products */,
			);
			sourceTree = "<group>";
		};
		AE48B22C2872BD5200109F84 /* Products */ = {
			isa = PBXGroup;
			children = (
				AE48B22B2872BD5200109F84 /* CardFlip.app */,
				AE48B2402872BD5300109F84 /* CardFlipTests.xctest */,
				AE48B24A2872BD5300109F84 /* CardFlipUITests.xctest */,
			);
			name = Products;
			sourceTree = "<group>";
		};
		AE48B22D2872BD5200109F84 /* CardFlip */ = {
			isa = PBXGroup;
			children = (
				AE48B22E2872BD5200109F84 /* CardFlipApp.swift */,
				AE48B2302872BD5200109F84 /* ContentView.swift */,
				AE48B2322872BD5300109F84 /* Assets.xcassets */,
				AE48B2372872BD5300109F84 /* Persistence.swift */,
				AE48B2392872BD5300109F84 /* CardFlip.xcdatamodeld */,
				AE48B2342872BD5300109F84 /* Preview Content */,
			);
			path = CardFlip;
			sourceTree = "<group>";
		};
		AE48B2342872BD5300109F84 /* Preview Content */ = {
			isa = PBXGroup;
			children = (
				AE48B2352872BD5300109F84 /* Preview Assets.xcassets */,
			);
			path = "Preview Content";
			sourceTree = "<group>";
		};
		AE48B2432872BD5300109F84 /* CardFlipTests */ = {
			isa = PBXGroup;
			children = (
				AE48B2442872BD5300109F84 /* CardFlipTests.swift */,
			);
			path = CardFlipTests;
			sourceTree = "<group>";
		};
		AE48B24D2872BD5300109F84 /* CardFlipUITests */ = {
			isa = PBXGroup;
			children = (
				AE48B24E2872BD5300109F84 /* CardFlipUITests.swift */,
				AE48B2502872BD5300109F84 /* CardFlipUITestsLaunchTests.swift */,
			);
			path = CardFlipUITests;
			sourceTree = "<group>";
		};
/* End PBXGroup section */

/* Begin PBXNativeTarget section */
		AE48B22A2872BD5200109F84 /* CardFlip */ = {
			isa = PBXNativeTarget;
			buildConfigurationList = AE48B2542872BD5300109F84 /* Build configuration list for PBXNativeTarget "CardFlip" */;
			buildPhases = (
				AE48B2272872BD5200109F84 /* Sources */,
				AE48B2282872BD5200109F84 /* Frameworks */,
				AE48B2292872BD5200109F84 /* Resources */,
			);
			buildRules = (
			);
			dependencies = (
			);
			name = CardFlip;
			productName = CardFlip;
			productReference = AE48B22B2872BD5200109F84 /* CardFlip.app */;
			productType = "com.apple.product-type.application";
		};
		AE48B23F2872BD5300109F84 /* CardFlipTests */ = {
			isa = PBXNativeTarget;
			buildConfigurationList = AE48B2572872BD5300109F84 /* Build configuration list for PBXNativeTarget "CardFlipTests" */;
			buildPhases = (
				AE48B23C2872BD5300109F84 /* Sources */,
				AE48B23D2872BD5300109F84 /* Frameworks */,
				AE48B23E2872BD5300109F84 /* Resources */,
			);
			buildRules = (
			);
			dependencies = (
				AE48B2422872BD5300109F84 /* PBXTargetDependency */,
			);
			name = CardFlipTests;
			productName = CardFlipTests;
			productReference = AE48B2402872BD5300109F84 /* CardFlipTests.xctest */;
			productType = "com.apple.product-type.bundle.unit-test";
		};
		AE48B2492872BD5300109F84 /* CardFlipUITests */ = {
			isa = PBXNativeTarget;
			buildConfigurationList = AE48B25A2872BD5300109F84 /* Build configuration list for PBXNativeTarget "CardFlipUITests" */;
			buildPhases = (
				AE48B2462872BD5300109F84 /* Sources */,
				AE48B2472872BD5300109F84 /* Frameworks */,
				AE48B2482872BD5300109F84 /* Resources */,
			);
			buildRules = (
			);
			dependencies = (
				AE48B24C2872BD5300109F84 /* PBXTargetDependency */,
			);
			name = CardFlipUITests;
			productName = CardFlipUITests;
			productReference = AE48B24A2872BD5300109F84 /* CardFlipUITests.xctest */;
			productType = "com.apple.product-type.bundle.ui-testing";
		};
/* End PBXNativeTarget section */

/* Begin PBXProject section */
		AE48B2232872BD5200109F84 /* Project object */ = {
			isa = PBXProject;
			attributes = {
				BuildIndependentTargetsInParallel = 1;
				LastSwiftUpdateCheck = 1340;
				LastUpgradeCheck = 1340;
				TargetAttributes = {
					AE48B22A2872BD5200109F84 = {
						CreatedOnToolsVersion = 13.4.1;
					};
					AE48B23F2872BD5300109F84 = {
						CreatedOnToolsVersion = 13.4.1;
						TestTargetID = AE48B22A2872BD5200109F84;
					};
					AE48B2492872BD5300109F84 = {
						CreatedOnToolsVersion = 13.4.1;
						TestTargetID = AE48B22A2872BD5200109F84;
					};
				};
			};
			buildConfigurationList = AE48B2262872BD5200109F84 /* Build configuration list for PBXProject "CardFlip" */;
			compatibilityVersion = "Xcode 13.0";
			developmentRegion = en;
			hasScannedForEncodings = 0;
			knownRegions = (
				en,
				Base,
			);
			mainGroup = AE48B2222872BD5200109F84;
			productRefGroup = AE48B22C2872BD5200109F84 /* Products */;
			projectDirPath = "";
			projectRoot = "";
			targets = (
				AE48B22A2872BD5200109F84 /* CardFlip */,
				AE48B23F2872BD5300109F84 /* CardFlipTests */,
				AE48B2492872BD5300109F84 /* CardFlipUITests */,
			);
		};
/* End PBXProject section */

/* Begin PBXResourcesBuildPhase section */
		AE48B2292872BD5200109F84 /* Resources */ = {
			isa = PBXResourcesBuildPhase;
			buildActionMask = 2147483647;
			files = (
				AE48B2362872BD5300109F84 /* Preview Assets.xcassets in Resources */,
				AE48B2332872BD5300109F84 /* Assets.xcassets in Resources */,
			);
			runOnlyForDeploymentPostprocessing = 0;
		};
		AE48B23E2872BD5300109F84 /* Resources */ = {
			isa = PBXResourcesBuildPhase;
			buildActionMask = 2147483647;
			files = (
			);
			runOnlyForDeploymentPostprocessing = 0;
		};
		AE48B2482872BD5300109F84 /* Resources */ = {
			isa = PBXResourcesBuildPhase;
			buildActionMask = 2147483647;
			files = (
			);
			runOnlyForDeploymentPostprocessing = 0;
		};
/* End PBXResourcesBuildPhase section */

/* Begin PBXSourcesBuildPhase section */
		AE48B2272872BD5200109F84 /* Sources */ = {
			isa = PBXSourcesBuildPhase;
			buildActionMask = 2147483647;
			files = (
				AE48B2382872BD5300109F84 /* Persistence.swift in Sources */,
				AE48B2312872BD5200109F84 /* ContentView.swift in Sources */,
				AE48B23B2872BD5300109F84 /* CardFlip.xcdatamodeld in Sources */,
				AE48B22F2872BD5200109F84 /* CardFlipApp.swift in Sources */,
			);
			runOnlyForDeploymentPostprocessing = 0;
		};
		AE48B23C2872BD5300109F84 /* Sources */ = {
			isa = PBXSourcesBuildPhase;
			buildActionMask = 2147483647;
			files = (
				AE48B2452872BD5300109F84 /* CardFlipTests.swift in Sources */,
			);
			runOnlyForDeploymentPostprocessing = 0;
		};
		AE48B2462872BD5300109F84 /* Sources */ = {
			isa = PBXSourcesBuildPhase;
			buildActionMask = 2147483647;
			files = (
				AE48B2512872BD5300109F84 /* CardFlipUITestsLaunchTests.swift in Sources */,
				AE48B24F2872BD5300109F84 /* CardFlipUITests.swift in Sources */,
			);
			runOnlyForDeploymentPostprocessing = 0;
		};
/* End PBXSourcesBuildPhase section */

/* Begin PBXTargetDependency section */
		AE48B2422872BD5300109F84 /* PBXTargetDependency */ = {
			isa = PBXTargetDependency;
			target = AE48B22A2872BD5200109F84 /* CardFlip */;
			targetProxy = AE48B2412872BD5300109F84 /* PBXContainerItemProxy */;
		};
		AE48B24C2872BD5300109F84 /* PBXTargetDependency */ = {
			isa = PBXTargetDependency;
			target = AE48B22A2872BD5200109F84 /* CardFlip */;
			targetProxy = AE48B24B2872BD5300109F84 /* PBXContainerItemProxy */;
		};
/* End PBXTargetDependency section */

/* Begin XCBuildConfiguration section */
		AE48B2522872BD5300109F84 /* Debug */ = {
			isa = XCBuildConfiguration;
			buildSettings = {
				ALWAYS_SEARCH_USER_PATHS = NO;
				CLANG_ANALYZER_NONNULL = YES;
				CLANG_ANALYZER_NUMBER_OBJECT_CONVERSION = YES_AGGRESSIVE;
				CLANG_CXX_LANGUAGE_STANDARD = "gnu++17";
				CLANG_ENABLE_MODULES = YES;
				CLANG_ENABLE_OBJC_ARC = YES;
				CLANG_ENABLE_OBJC_WEAK = YES;
				CLANG_WARN_BLOCK_CAPTURE_AUTORELEASING = YES;
				CLANG_WARN_BOOL_CONVERSION = YES;
				CLANG_WARN_COMMA = YES;
				CLANG_WARN_CONSTANT_CONVERSION = YES;
				CLANG_WARN_DEPRECATED_OBJC_IMPLEMENTATIONS = YES;
				CLANG_WARN_DIRECT_OBJC_ISA_USAGE = YES_ERROR;
				CLANG_WARN_DOCUMENTATION_COMMENTS = YES;
				CLANG_WARN_EMPTY_BODY = YES;
				CLANG_WARN_ENUM_CONVERSION = YES;
				CLANG_WARN_INFINITE_RECURSION = YES;
				CLANG_WARN_INT_CONVERSION = YES;
				CLANG_WARN_NON_LITERAL_NULL_CONVERSION = YES;
				CLANG_WARN_OBJC_IMPLICIT_RETAIN_SELF = YES;
				CLANG_WARN_OBJC_LITERAL_CONVERSION = YES;
				CLANG_WARN_OBJC_ROOT_CLASS = YES_ERROR;
				CLANG_WARN_QUOTED_INCLUDE_IN_FRAMEWORK_HEADER = YES;
				CLANG_WARN_RANGE_LOOP_ANALYSIS = YES;
				CLANG_WARN_STRICT_PROTOTYPES = YES;
				CLANG_WARN_SUSPICIOUS_MOVE = YES;
				CLANG_WARN_UNGUARDED_AVAILABILITY = YES_AGGRESSIVE;
				CLANG_WARN_UNREACHABLE_CODE = YES;
				CLANG_WARN__DUPLICATE_METHOD_MATCH = YES;
				COPY_PHASE_STRIP = NO;
				DEBUG_INFORMATION_FORMAT = dwarf;
				ENABLE_STRICT_OBJC_MSGSEND = YES;
				ENABLE_TESTABILITY = YES;
				GCC_C_LANGUAGE_STANDARD = gnu11;
				GCC_DYNAMIC_NO_PIC = NO;
				GCC_NO_COMMON_BLOCKS = YES;
				GCC_OPTIMIZATION_LEVEL = 0;
				GCC_PREPROCESSOR_DEFINITIONS = (
					"DEBUG=1",
					"$(inherited)",
				);
				GCC_WARN_64_TO_32_BIT_CONVERSION = YES;
				GCC_WARN_ABOUT_RETURN_TYPE = YES_ERROR;
				GCC_WARN_UNDECLARED_SELECTOR = YES;
				GCC_WARN_UNINITIALIZED_AUTOS = YES_AGGRESSIVE;
				GCC_WARN_UNUSED_FUNCTION = YES;
				GCC_WARN_UNUSED_VARIABLE = YES;
				IPHONEOS_DEPLOYMENT_TARGET = 15.5;
				MTL_ENABLE_DEBUG_INFO = INCLUDE_SOURCE;
				MTL_FAST_MATH = YES;
				ONLY_ACTIVE_ARCH = YES;
				SDKROOT = iphoneos;
				SWIFT_ACTIVE_COMPILATION_CONDITIONS = DEBUG;
				SWIFT_OPTIMIZATION_LEVEL = "-Onone";
			};
			name = Debug;
		};
		AE48B2532872BD5300109F84 /* Release */ = {
			isa = XCBuildConfiguration;
			buildSettings = {
				ALWAYS_SEARCH_USER_PATHS = NO;
				CLANG_ANALYZER_NONNULL = YES;
				CLANG_ANALYZER_NUMBER_OBJECT_CONVERSION = YES_AGGRESSIVE;
				CLANG_CXX_LANGUAGE_STANDARD = "gnu++17";
				CLANG_ENABLE_MODULES = YES;
				CLANG_ENABLE_OBJC_ARC = YES;
				CLANG_ENABLE_OBJC_WEAK = YES;
				CLANG_WARN_BLOCK_CAPTURE_AUTORELEASING = YES;
				CLANG_WARN_BOOL_CONVERSION = YES;
				CLANG_WARN_COMMA = YES;
				CLANG_WARN_CONSTANT_CONVERSION = YES;
				CLANG_WARN_DEPRECATED_OBJC_IMPLEMENTATIONS = YES;
				CLANG_WARN_DIRECT_OBJC_ISA_USAGE = YES_ERROR;
				CLANG_WARN_DOCUMENTATION_COMMENTS = YES;
				CLANG_WARN_EMPTY_BODY = YES;
				CLANG_WARN_ENUM_CONVERSION = YES;
				CLANG_WARN_INFINITE_RECURSION = YES;
				CLANG_WARN_INT_CONVERSION = YES;
				CLANG_WARN_NON_LITERAL_NULL_CONVERSION = YES;
				CLANG_WARN_OBJC_IMPLICIT_RETAIN_SELF = YES;
				CLANG_WARN_OBJC_LITERAL_CONVERSION = YES;
				CLANG_WARN_OBJC_ROOT_CLASS = YES_ERROR;
				CLANG_WARN_QUOTED_INCLUDE_IN_FRAMEWORK_HEADER = YES;
				CLANG_WARN_RANGE_LOOP_ANALYSIS = YES;
				CLANG_WARN_STRICT_PROTOTYPES = YES;
				CLANG_WARN_SUSPICIOUS_MOVE = YES;
				CLANG_WARN_UNGUARDED_AVAILABILITY = YES_AGGRESSIVE;
				CLANG_WARN_UNREACHABLE_CODE = YES;
				CLANG_WARN__DUPLICATE_METHOD_MATCH = YES;
				COPY_PHASE_STRIP = NO;
				DEBUG_INFORMATION_FORMAT = "dwarf-with-dsym";
				ENABLE_NS_ASSERTIONS = NO;
				ENABLE_STRICT_OBJC_MSGSEND = YES;
				GCC_C_LANGUAGE_STANDARD = gnu11;
				GCC_NO_COMMON_BLOCKS = YES;
				GCC_WARN_64_TO_32_BIT_CONVERSION = YES;
				GCC_WARN_ABOUT_RETURN_TYPE = YES_ERROR;
				GCC_WARN_UNDECLARED_SELECTOR = YES;
				GCC_WARN_UNINITIALIZED_AUTOS = YES_AGGRESSIVE;
				GCC_WARN_UNUSED_FUNCTION = YES;
				GCC_WARN_UNUSED_VARIABLE = YES;
				IPHONEOS_DEPLOYMENT_TARGET = 15.5;
				MTL_ENABLE_DEBUG_INFO = NO;
				MTL_FAST_MATH = YES;
				SDKROOT = iphoneos;
				SWIFT_COMPILATION_MODE = wholemodule;
				SWIFT_OPTIMIZATION_LEVEL = "-O";
				VALIDATE_PRODUCT = YES;
			};
			name = Release;
		};
		AE48B2552872BD5300109F84 /* Debug */ = {
			isa = XCBuildConfiguration;
			buildSettings = {
				ASSETCATALOG_COMPILER_APPICON_NAME = AppIcon;
				ASSETCATALOG_COMPILER_GLOBAL_ACCENT_COLOR_NAME = AccentColor;
				CODE_SIGN_STYLE = Automatic;
				CURRENT_PROJECT_VERSION = 1;
				DEVELOPMENT_ASSET_PATHS = "\"CardFlip/Preview Content\"";
				DEVELOPMENT_TEAM = Z8JVJD6M2F;
				ENABLE_PREVIEWS = YES;
				GENERATE_INFOPLIST_FILE = YES;
				INFOPLIST_KEY_UIApplicationSceneManifest_Generation = YES;
				INFOPLIST_KEY_UIApplicationSupportsIndirectInputEvents = YES;
				INFOPLIST_KEY_UILaunchScreen_Generation = YES;
				INFOPLIST_KEY_UISupportedInterfaceOrientations_iPad = "UIInterfaceOrientationPortrait UIInterfaceOrientationPortraitUpsideDown UIInterfaceOrientationLandscapeLeft UIInterfaceOrientationLandscapeRight";
				INFOPLIST_KEY_UISupportedInterfaceOrientations_iPhone = "UIInterfaceOrientationPortrait UIInterfaceOrientationLandscapeLeft UIInterfaceOrientationLandscapeRight";
				LD_RUNPATH_SEARCH_PATHS = (
					"$(inherited)",
					"@executable_path/Frameworks",
				);
				MARKETING_VERSION = 1.0;
				PRODUCT_BUNDLE_IDENTIFIER = com.lammax.ios.prod.CardFlip;
				PRODUCT_NAME = "$(TARGET_NAME)";
				SWIFT_EMIT_LOC_STRINGS = YES;
				SWIFT_VERSION = 5.0;
				TARGETED_DEVICE_FAMILY = "1,2";
			};
			name = Debug;
		};
		AE48B2562872BD5300109F84 /* Release */ = {
			isa = XCBuildConfiguration;
			buildSettings = {
				ASSETCATALOG_COMPILER_APPICON_NAME = AppIcon;
				ASSETCATALOG_COMPILER_GLOBAL_ACCENT_COLOR_NAME = AccentColor;
				CODE_SIGN_STYLE = Automatic;
				CURRENT_PROJECT_VERSION = 1;
				DEVELOPMENT_ASSET_PATHS = "\"CardFlip/Preview Content\"";
				DEVELOPMENT_TEAM = Z8JVJD6M2F;
				ENABLE_PREVIEWS = YES;
				GENERATE_INFOPLIST_FILE = YES;
				INFOPLIST_KEY_UIApplicationSceneManifest_Generation = YES;
				INFOPLIST_KEY_UIApplicationSupportsIndirectInputEvents = YES;
				INFOPLIST_KEY_UILaunchScreen_Generation = YES;
				INFOPLIST_KEY_UISupportedInterfaceOrientations_iPad = "UIInterfaceOrientationPortrait UIInterfaceOrientationPortraitUpsideDown UIInterfaceOrientationLandscapeLeft UIInterfaceOrientationLandscapeRight";
				INFOPLIST_KEY_UISupportedInterfaceOrientations_iPhone = "UIInterfaceOrientationPortrait UIInterfaceOrientationLandscapeLeft UIInterfaceOrientationLandscapeRight";
				LD_RUNPATH_SEARCH_PATHS = (
					"$(inherited)",
					"@executable_path/Frameworks",
				);
				MARKETING_VERSION = 1.0;
				PRODUCT_BUNDLE_IDENTIFIER = com.lammax.ios.prod.CardFlip;
				PRODUCT_NAME = "$(TARGET_NAME)";
				SWIFT_EMIT_LOC_STRINGS = YES;
				SWIFT_VERSION = 5.0;
				TARGETED_DEVICE_FAMILY = "1,2";
			};
			name = Release;
		};
		AE48B2582872BD5300109F84 /* Debug */ = {
			isa = XCBuildConfiguration;
			buildSettings = {
				ALWAYS_EMBED_SWIFT_STANDARD_LIBRARIES = YES;
				BUNDLE_LOADER = "$(TEST_HOST)";
				CODE_SIGN_STYLE = Automatic;
				CURRENT_PROJECT_VERSION = 1;
				DEVELOPMENT_TEAM = Z8JVJD6M2F;
				GENERATE_INFOPLIST_FILE = YES;
				IPHONEOS_DEPLOYMENT_TARGET = 15.5;
				MARKETING_VERSION = 1.0;
				PRODUCT_BUNDLE_IDENTIFIER = com.lammax.ios.prod.CardFlipTests;
				PRODUCT_NAME = "$(TARGET_NAME)";
				SWIFT_EMIT_LOC_STRINGS = NO;
				SWIFT_VERSION = 5.0;
				TARGETED_DEVICE_FAMILY = "1,2";
				TEST_HOST = "$(BUILT_PRODUCTS_DIR)/CardFlip.app/CardFlip";
			};
			name = Debug;
		};
		AE48B2592872BD5300109F84 /* Release */ = {
			isa = XCBuildConfiguration;
			buildSettings = {
				ALWAYS_EMBED_SWIFT_STANDARD_LIBRARIES = YES;
				BUNDLE_LOADER = "$(TEST_HOST)";
				CODE_SIGN_STYLE = Automatic;
				CURRENT_PROJECT_VERSION = 1;
				DEVELOPMENT_TEAM = Z8JVJD6M2F;
				GENERATE_INFOPLIST_FILE = YES;
				IPHONEOS_DEPLOYMENT_TARGET = 15.5;
				MARKETING_VERSION = 1.0;
				PRODUCT_BUNDLE_IDENTIFIER = com.lammax.ios.prod.CardFlipTests;
				PRODUCT_NAME = "$(TARGET_NAME)";
				SWIFT_EMIT_LOC_STRINGS = NO;
				SWIFT_VERSION = 5.0;
				TARGETED_DEVICE_FAMILY = "1,2";
				TEST_HOST = "$(BUILT_PRODUCTS_DIR)/CardFlip.app/CardFlip";
			};
			name = Release;
		};
		AE48B25B2872BD5300109F84 /* Debug */ = {
			isa = XCBuildConfiguration;
			buildSettings = {
				ALWAYS_EMBED_SWIFT_STANDARD_LIBRARIES = YES;
				CODE_SIGN_STYLE = Automatic;
				CURRENT_PROJECT_VERSION = 1;
				DEVELOPMENT_TEAM = Z8JVJD6M2F;
				GENERATE_INFOPLIST_FILE = YES;
				MARKETING_VERSION = 1.0;
				PRODUCT_BUNDLE_IDENTIFIER = com.lammax.ios.prod.CardFlipUITests;
				PRODUCT_NAME = "$(TARGET_NAME)";
				SWIFT_EMIT_LOC_STRINGS = NO;
				SWIFT_VERSION = 5.0;
				TARGETED_DEVICE_FAMILY = "1,2";
				TEST_TARGET_NAME = CardFlip;
			};
			name = Debug;
		};
		AE48B25C2872BD5300109F84 /* Release */ = {
			isa = XCBuildConfiguration;
			buildSettings = {
				ALWAYS_EMBED_SWIFT_STANDARD_LIBRARIES = YES;
				CODE_SIGN_STYLE = Automatic;
				CURRENT_PROJECT_VERSION = 1;
				DEVELOPMENT_TEAM = Z8JVJD6M2F;
				GENERATE_INFOPLIST_FILE = YES;
				MARKETING_VERSION = 1.0;
				PRODUCT_BUNDLE_IDENTIFIER = com.lammax.ios.prod.CardFlipUITests;
				PRODUCT_NAME = "$(TARGET_NAME)";
				SWIFT_EMIT_LOC_STRINGS = NO;
				SWIFT_VERSION = 5.0;
				TARGETED_DEVICE_FAMILY = "1,2";
				TEST_TARGET_NAME = CardFlip;
			};
			name = Release;
		};
/* End XCBuildConfiguration section */

/* Begin XCConfigurationList section */
		AE48B2262872BD5200109F84 /* Build configuration list for PBXProject "CardFlip" */ = {
			isa = XCConfigurationList;
			buildConfigurations = (
				AE48B2522872BD5300109F84 /* Debug */,
				AE48B2532872BD5300109F84 /* Release */,
			);
			defaultConfigurationIsVisible = 0;
			defaultConfigurationName = Release;
		};
		AE48B2542872BD5300109F84 /* Build configuration list for PBXNativeTarget "CardFlip" */ = {
			isa = XCConfigurationList;
			buildConfigurations = (
				AE48B2552872BD5300109F84 /* Debug */,
				AE48B2562872BD5300109F84 /* Release */,
			);
			defaultConfigurationIsVisible = 0;
			defaultConfigurationName = Release;
		};
		AE48B2572872BD5300109F84 /* Build configuration list for PBXNativeTarget "CardFlipTests" */ = {
			isa = XCConfigurationList;
			buildConfigurations = (
				AE48B2582872BD5300109F84 /* Debug */,
				AE48B2592872BD5300109F84 /* Release */,
			);
			defaultConfigurationIsVisible = 0;
			defaultConfigurationName = Release;
		};
		AE48B25A2872BD5300109F84 /* Build configuration list for PBXNativeTarget "CardFlipUITests" */ = {
			isa = XCConfigurationList;
			buildConfigurations = (
				AE48B25B2872BD5300109F84 /* Debug */,
				AE48B25C2872BD5300109F84 /* Release */,
			);
			defaultConfigurationIsVisible = 0;
			defaultConfigurationName = Release;
		};
/* End XCConfigurationList section */

/* Begin XCVersionGroup section */
		AE48B2392872BD5300109F84 /* CardFlip.xcdatamodeld */ = {
			isa = XCVersionGroup;
			children = (
				AE48B23A2872BD5300109F84 /* CardFlip.xcdatamodel */,
			);
			currentVersion = AE48B23A2872BD5300109F84 /* CardFlip.xcdatamodel */;
			path = CardFlip.xcdatamodeld;
			sourceTree = "<group>";
			versionGroupType = wrapper.xcdatamodel;
		};
/* End XCVersionGroup section */
	};
	rootObject = AE48B2232872BD5200109F84 /* Project object */;
}
